// !$*UTF8*$!
{
	archiveVersion = 1;
	classes = {
	};
	objectVersion = 51;
	objects = {

/* Begin PBXBuildFile section */
		250700CA2607CD0100639D6D /* AppSettings.swift in Sources */ = {isa = PBXBuildFile; fileRef = 250700C92607CD0100639D6D /* AppSettings.swift */; };
		250700D22607CD5200639D6D /* BALocation.swift in Sources */ = {isa = PBXBuildFile; fileRef = 250700D12607CD5200639D6D /* BALocation.swift */; };
		250700D82607CDC300639D6D /* Countries.plist in Resources */ = {isa = PBXBuildFile; fileRef = 250700D72607CDC300639D6D /* Countries.plist */; };
		250700E12607CEDE00639D6D /* UIColor+Extension.swift in Sources */ = {isa = PBXBuildFile; fileRef = 250700E02607CEDE00639D6D /* UIColor+Extension.swift */; };
		250700EA2607CF5A00639D6D /* BALocationTests.swift in Sources */ = {isa = PBXBuildFile; fileRef = 250700E92607CF5A00639D6D /* BALocationTests.swift */; };
		250700F82607D97A00639D6D /* UICollectionViewCell+Extensions.swift in Sources */ = {isa = PBXBuildFile; fileRef = 250700F72607D97A00639D6D /* UICollectionViewCell+Extensions.swift */; };
		250700FD2607D99B00639D6D /* UIView+Extension.swift in Sources */ = {isa = PBXBuildFile; fileRef = 250700FC2607D99B00639D6D /* UIView+Extension.swift */; };
		250701022607D9E900639D6D /* UIImageView+Extension.swift in Sources */ = {isa = PBXBuildFile; fileRef = 250701012607D9E900639D6D /* UIImageView+Extension.swift */; };
		250701072607D9FC00639D6D /* UICollectionReusableView+Extension.swift in Sources */ = {isa = PBXBuildFile; fileRef = 250701062607D9FC00639D6D /* UICollectionReusableView+Extension.swift */; };
		250701102607DB4F00639D6D /* SectionModels.swift in Sources */ = {isa = PBXBuildFile; fileRef = 2507010F2607DB4F00639D6D /* SectionModels.swift */; };
		250701182607DB5A00639D6D /* BankSection.swift in Sources */ = {isa = PBXBuildFile; fileRef = 250701172607DB5A00639D6D /* BankSection.swift */; };
		250701212607DC9C00639D6D /* BankCell.swift in Sources */ = {isa = PBXBuildFile; fileRef = 250701202607DC9C00639D6D /* BankCell.swift */; };
		250701292607DCD900639D6D /* BankView.swift in Sources */ = {isa = PBXBuildFile; fileRef = 250701282607DCD900639D6D /* BankView.swift */; };
		2507012E2607DCEE00639D6D /* HeaderView.swift in Sources */ = {isa = PBXBuildFile; fileRef = 2507012D2607DCEE00639D6D /* HeaderView.swift */; };
		250701342607DD0F00639D6D /* HeaderView.xib in Resources */ = {isa = PBXBuildFile; fileRef = 250701322607DD0F00639D6D /* HeaderView.xib */; };
		250701352607DD0F00639D6D /* BankView.xib in Resources */ = {isa = PBXBuildFile; fileRef = 250701332607DD0F00639D6D /* BankView.xib */; };
		250701452608027700639D6D /* PersistenceService.swift in Sources */ = {isa = PBXBuildFile; fileRef = 250701442608027700639D6D /* PersistenceService.swift */; };
		250702932608ADE500639D6D /* CountryBank+CoreDataClass.swift in Sources */ = {isa = PBXBuildFile; fileRef = 2507028F2608ADE500639D6D /* CountryBank+CoreDataClass.swift */; };
		250702942608ADE500639D6D /* Bank+CoreDataClass.swift in Sources */ = {isa = PBXBuildFile; fileRef = 250702902608ADE500639D6D /* Bank+CoreDataClass.swift */; };
		250702952608ADE500639D6D /* ResponseData+CoreDataClass.swift in Sources */ = {isa = PBXBuildFile; fileRef = 250702912608ADE500639D6D /* ResponseData+CoreDataClass.swift */; };
		250702962608ADE500639D6D /* BankGlobalGroup+CoreDataClass.swift in Sources */ = {isa = PBXBuildFile; fileRef = 250702922608ADE500639D6D /* BankGlobalGroup+CoreDataClass.swift */; };
		250702A9260905C300639D6D /* ImageEntity+CoreDataClass.swift in Sources */ = {isa = PBXBuildFile; fileRef = 250702A8260905C300639D6D /* ImageEntity+CoreDataClass.swift */; };
		25717E372607A8B1005A67C2 /* NetworkManager.swift in Sources */ = {isa = PBXBuildFile; fileRef = 25717E362607A8B1005A67C2 /* NetworkManager.swift */; };
		25717E442607A913005A67C2 /* BankEndPoint.swift in Sources */ = {isa = PBXBuildFile; fileRef = 25717E432607A913005A67C2 /* BankEndPoint.swift */; };
		25717E4A2607A95A005A67C2 /* Bank.swift in Sources */ = {isa = PBXBuildFile; fileRef = 25717E492607A95A005A67C2 /* Bank.swift */; };
		25717E612607ABA7005A67C2 /* NetworkingTest.swift in Sources */ = {isa = PBXBuildFile; fileRef = 25717E602607ABA7005A67C2 /* NetworkingTest.swift */; };
		25717E6A2607AF8C005A67C2 /* BanksViewModel.swift in Sources */ = {isa = PBXBuildFile; fileRef = 25717E692607AF8B005A67C2 /* BanksViewModel.swift */; };
		25717E6F2607B01F005A67C2 /* DetailBankViewModel.swift in Sources */ = {isa = PBXBuildFile; fileRef = 25717E6E2607B01F005A67C2 /* DetailBankViewModel.swift */; };
		25E2741A260685F300B3BC60 /* AppDelegate.swift in Sources */ = {isa = PBXBuildFile; fileRef = 25E27419260685F300B3BC60 /* AppDelegate.swift */; };
		25E2741E260685F300B3BC60 /* BanksViewController.swift in Sources */ = {isa = PBXBuildFile; fileRef = 25E2741D260685F300B3BC60 /* BanksViewController.swift */; };
		25E27424260685F300B3BC60 /* BankApp.xcdatamodeld in Sources */ = {isa = PBXBuildFile; fileRef = 25E27422260685F300B3BC60 /* BankApp.xcdatamodeld */; };
		25E27426260685F500B3BC60 /* Assets.xcassets in Resources */ = {isa = PBXBuildFile; fileRef = 25E27425260685F500B3BC60 /* Assets.xcassets */; };
		25E27429260685F500B3BC60 /* LaunchScreen.storyboard in Resources */ = {isa = PBXBuildFile; fileRef = 25E27427260685F500B3BC60 /* LaunchScreen.storyboard */; };
		25E27434260685F500B3BC60 /* BankAppTests.swift in Sources */ = {isa = PBXBuildFile; fileRef = 25E27433260685F500B3BC60 /* BankAppTests.swift */; };
		25E2743F260685F500B3BC60 /* BankAppUITests.swift in Sources */ = {isa = PBXBuildFile; fileRef = 25E2743E260685F500B3BC60 /* BankAppUITests.swift */; };
		25E2746426068B8E00B3BC60 /* Coordinator.swift in Sources */ = {isa = PBXBuildFile; fileRef = 25E2746326068B8E00B3BC60 /* Coordinator.swift */; };
		25E2746C26068BB300B3BC60 /* MainCoordinator.swift in Sources */ = {isa = PBXBuildFile; fileRef = 25E2746B26068BB300B3BC60 /* MainCoordinator.swift */; };
		25E274722606933600B3BC60 /* DetailBankCoordinator.swift in Sources */ = {isa = PBXBuildFile; fileRef = 25E274712606933600B3BC60 /* DetailBankCoordinator.swift */; };
		25E2747A2606934F00B3BC60 /* DetailBankViewController.swift in Sources */ = {isa = PBXBuildFile; fileRef = 25E274792606934F00B3BC60 /* DetailBankViewController.swift */; };
/* End PBXBuildFile section */

/* Begin PBXContainerItemProxy section */
		25E27430260685F500B3BC60 /* PBXContainerItemProxy */ = {
			isa = PBXContainerItemProxy;
			containerPortal = 25E2740E260685F300B3BC60 /* Project object */;
			proxyType = 1;
			remoteGlobalIDString = 25E27415260685F300B3BC60;
			remoteInfo = BankApp;
		};
		25E2743B260685F500B3BC60 /* PBXContainerItemProxy */ = {
			isa = PBXContainerItemProxy;
			containerPortal = 25E2740E260685F300B3BC60 /* Project object */;
			proxyType = 1;
			remoteGlobalIDString = 25E27415260685F300B3BC60;
			remoteInfo = BankApp;
		};
/* End PBXContainerItemProxy section */

/* Begin PBXFileReference section */
		250700C92607CD0100639D6D /* AppSettings.swift */ = {isa = PBXFileReference; lastKnownFileType = sourcecode.swift; path = AppSettings.swift; sourceTree = "<group>"; };
		250700D12607CD5200639D6D /* BALocation.swift */ = {isa = PBXFileReference; lastKnownFileType = sourcecode.swift; path = BALocation.swift; sourceTree = "<group>"; };
		250700D72607CDC300639D6D /* Countries.plist */ = {isa = PBXFileReference; fileEncoding = 4; lastKnownFileType = text.plist.xml; path = Countries.plist; sourceTree = "<group>"; };
		250700E02607CEDE00639D6D /* UIColor+Extension.swift */ = {isa = PBXFileReference; lastKnownFileType = sourcecode.swift; path = "UIColor+Extension.swift"; sourceTree = "<group>"; };
		250700E92607CF5A00639D6D /* BALocationTests.swift */ = {isa = PBXFileReference; lastKnownFileType = sourcecode.swift; path = BALocationTests.swift; sourceTree = "<group>"; };
		250700F72607D97A00639D6D /* UICollectionViewCell+Extensions.swift */ = {isa = PBXFileReference; lastKnownFileType = sourcecode.swift; path = "UICollectionViewCell+Extensions.swift"; sourceTree = "<group>"; };
		250700FC2607D99B00639D6D /* UIView+Extension.swift */ = {isa = PBXFileReference; lastKnownFileType = sourcecode.swift; path = "UIView+Extension.swift"; sourceTree = "<group>"; };
		250701012607D9E900639D6D /* UIImageView+Extension.swift */ = {isa = PBXFileReference; lastKnownFileType = sourcecode.swift; path = "UIImageView+Extension.swift"; sourceTree = "<group>"; };
		250701062607D9FC00639D6D /* UICollectionReusableView+Extension.swift */ = {isa = PBXFileReference; lastKnownFileType = sourcecode.swift; path = "UICollectionReusableView+Extension.swift"; sourceTree = "<group>"; };
		2507010F2607DB4F00639D6D /* SectionModels.swift */ = {isa = PBXFileReference; lastKnownFileType = sourcecode.swift; path = SectionModels.swift; sourceTree = "<group>"; };
		250701172607DB5A00639D6D /* BankSection.swift */ = {isa = PBXFileReference; lastKnownFileType = sourcecode.swift; path = BankSection.swift; sourceTree = "<group>"; };
		250701202607DC9C00639D6D /* BankCell.swift */ = {isa = PBXFileReference; lastKnownFileType = sourcecode.swift; path = BankCell.swift; sourceTree = "<group>"; };
		250701282607DCD900639D6D /* BankView.swift */ = {isa = PBXFileReference; lastKnownFileType = sourcecode.swift; path = BankView.swift; sourceTree = "<group>"; };
		2507012D2607DCEE00639D6D /* HeaderView.swift */ = {isa = PBXFileReference; lastKnownFileType = sourcecode.swift; path = HeaderView.swift; sourceTree = "<group>"; };
		250701322607DD0F00639D6D /* HeaderView.xib */ = {isa = PBXFileReference; fileEncoding = 4; lastKnownFileType = file.xib; path = HeaderView.xib; sourceTree = "<group>"; };
		250701332607DD0F00639D6D /* BankView.xib */ = {isa = PBXFileReference; fileEncoding = 4; lastKnownFileType = file.xib; path = BankView.xib; sourceTree = "<group>"; };
		250701442608027700639D6D /* PersistenceService.swift */ = {isa = PBXFileReference; lastKnownFileType = sourcecode.swift; path = PersistenceService.swift; sourceTree = "<group>"; };
		2507028F2608ADE500639D6D /* CountryBank+CoreDataClass.swift */ = {isa = PBXFileReference; lastKnownFileType = sourcecode.swift; path = "CountryBank+CoreDataClass.swift"; sourceTree = "<group>"; };
		250702902608ADE500639D6D /* Bank+CoreDataClass.swift */ = {isa = PBXFileReference; lastKnownFileType = sourcecode.swift; path = "Bank+CoreDataClass.swift"; sourceTree = "<group>"; };
		250702912608ADE500639D6D /* ResponseData+CoreDataClass.swift */ = {isa = PBXFileReference; lastKnownFileType = sourcecode.swift; path = "ResponseData+CoreDataClass.swift"; sourceTree = "<group>"; };
		250702922608ADE500639D6D /* BankGlobalGroup+CoreDataClass.swift */ = {isa = PBXFileReference; lastKnownFileType = sourcecode.swift; path = "BankGlobalGroup+CoreDataClass.swift"; sourceTree = "<group>"; };
		250702A8260905C300639D6D /* ImageEntity+CoreDataClass.swift */ = {isa = PBXFileReference; fileEncoding = 4; lastKnownFileType = sourcecode.swift; path = "ImageEntity+CoreDataClass.swift"; sourceTree = "<group>"; };
		25717E362607A8B1005A67C2 /* NetworkManager.swift */ = {isa = PBXFileReference; lastKnownFileType = sourcecode.swift; path = NetworkManager.swift; sourceTree = "<group>"; };
		25717E432607A913005A67C2 /* BankEndPoint.swift */ = {isa = PBXFileReference; lastKnownFileType = sourcecode.swift; path = BankEndPoint.swift; sourceTree = "<group>"; };
		25717E492607A95A005A67C2 /* Bank.swift */ = {isa = PBXFileReference; lastKnownFileType = sourcecode.swift; path = Bank.swift; sourceTree = "<group>"; };
		25717E602607ABA7005A67C2 /* NetworkingTest.swift */ = {isa = PBXFileReference; lastKnownFileType = sourcecode.swift; path = NetworkingTest.swift; sourceTree = "<group>"; };
		25717E692607AF8B005A67C2 /* BanksViewModel.swift */ = {isa = PBXFileReference; lastKnownFileType = sourcecode.swift; path = BanksViewModel.swift; sourceTree = "<group>"; };
		25717E6E2607B01F005A67C2 /* DetailBankViewModel.swift */ = {isa = PBXFileReference; lastKnownFileType = sourcecode.swift; path = DetailBankViewModel.swift; sourceTree = "<group>"; };
		25E27416260685F300B3BC60 /* BankApp.app */ = {isa = PBXFileReference; explicitFileType = wrapper.application; includeInIndex = 0; path = BankApp.app; sourceTree = BUILT_PRODUCTS_DIR; };
		25E27419260685F300B3BC60 /* AppDelegate.swift */ = {isa = PBXFileReference; lastKnownFileType = sourcecode.swift; path = AppDelegate.swift; sourceTree = "<group>"; };
		25E2741D260685F300B3BC60 /* BanksViewController.swift */ = {isa = PBXFileReference; lastKnownFileType = sourcecode.swift; path = BanksViewController.swift; sourceTree = "<group>"; };
		25E27423260685F300B3BC60 /* BankApp.xcdatamodel */ = {isa = PBXFileReference; lastKnownFileType = wrapper.xcdatamodel; path = BankApp.xcdatamodel; sourceTree = "<group>"; };
		25E27425260685F500B3BC60 /* Assets.xcassets */ = {isa = PBXFileReference; lastKnownFileType = folder.assetcatalog; path = Assets.xcassets; sourceTree = "<group>"; };
		25E27428260685F500B3BC60 /* Base */ = {isa = PBXFileReference; lastKnownFileType = file.storyboard; name = Base; path = Base.lproj/LaunchScreen.storyboard; sourceTree = "<group>"; };
		25E2742A260685F500B3BC60 /* Info.plist */ = {isa = PBXFileReference; lastKnownFileType = text.plist.xml; path = Info.plist; sourceTree = "<group>"; };
		25E2742F260685F500B3BC60 /* BankAppTests.xctest */ = {isa = PBXFileReference; explicitFileType = wrapper.cfbundle; includeInIndex = 0; path = BankAppTests.xctest; sourceTree = BUILT_PRODUCTS_DIR; };
		25E27433260685F500B3BC60 /* BankAppTests.swift */ = {isa = PBXFileReference; lastKnownFileType = sourcecode.swift; path = BankAppTests.swift; sourceTree = "<group>"; };
		25E27435260685F500B3BC60 /* Info.plist */ = {isa = PBXFileReference; lastKnownFileType = text.plist.xml; path = Info.plist; sourceTree = "<group>"; };
		25E2743A260685F500B3BC60 /* BankAppUITests.xctest */ = {isa = PBXFileReference; explicitFileType = wrapper.cfbundle; includeInIndex = 0; path = BankAppUITests.xctest; sourceTree = BUILT_PRODUCTS_DIR; };
		25E2743E260685F500B3BC60 /* BankAppUITests.swift */ = {isa = PBXFileReference; lastKnownFileType = sourcecode.swift; path = BankAppUITests.swift; sourceTree = "<group>"; };
		25E27440260685F500B3BC60 /* Info.plist */ = {isa = PBXFileReference; lastKnownFileType = text.plist.xml; path = Info.plist; sourceTree = "<group>"; };
		25E2746326068B8E00B3BC60 /* Coordinator.swift */ = {isa = PBXFileReference; lastKnownFileType = sourcecode.swift; path = Coordinator.swift; sourceTree = "<group>"; };
		25E2746B26068BB300B3BC60 /* MainCoordinator.swift */ = {isa = PBXFileReference; lastKnownFileType = sourcecode.swift; path = MainCoordinator.swift; sourceTree = "<group>"; };
		25E274712606933600B3BC60 /* DetailBankCoordinator.swift */ = {isa = PBXFileReference; lastKnownFileType = sourcecode.swift; path = DetailBankCoordinator.swift; sourceTree = "<group>"; };
		25E274792606934F00B3BC60 /* DetailBankViewController.swift */ = {isa = PBXFileReference; lastKnownFileType = sourcecode.swift; path = DetailBankViewController.swift; sourceTree = "<group>"; };
/* End PBXFileReference section */

/* Begin PBXFrameworksBuildPhase section */
		25E27413260685F300B3BC60 /* Frameworks */ = {
			isa = PBXFrameworksBuildPhase;
			buildActionMask = 2147483647;
			files = (
			);
			runOnlyForDeploymentPostprocessing = 0;
		};
		25E2742C260685F500B3BC60 /* Frameworks */ = {
			isa = PBXFrameworksBuildPhase;
			buildActionMask = 2147483647;
			files = (
			);
			runOnlyForDeploymentPostprocessing = 0;
		};
		25E27437260685F500B3BC60 /* Frameworks */ = {
			isa = PBXFrameworksBuildPhase;
			buildActionMask = 2147483647;
			files = (
			);
			runOnlyForDeploymentPostprocessing = 0;
		};
/* End PBXFrameworksBuildPhase section */

/* Begin PBXGroup section */
		250700C82607CCEE00639D6D /* Utils */ = {
			isa = PBXGroup;
			children = (
				250700C92607CD0100639D6D /* AppSettings.swift */,
				250701442608027700639D6D /* PersistenceService.swift */,
				250700D12607CD5200639D6D /* BALocation.swift */,
			);
			path = Utils;
			sourceTree = "<group>";
		};
		250700D62607CD9C00639D6D /* Resources */ = {
			isa = PBXGroup;
			children = (
				25E27425260685F500B3BC60 /* Assets.xcassets */,
				25E27427260685F500B3BC60 /* LaunchScreen.storyboard */,
				25E27422260685F300B3BC60 /* BankApp.xcdatamodeld */,
				250700D72607CDC300639D6D /* Countries.plist */,
			);
			path = Resources;
			sourceTree = "<group>";
		};
		250700DF2607CED200639D6D /* Extension */ = {
			isa = PBXGroup;
			children = (
				250701012607D9E900639D6D /* UIImageView+Extension.swift */,
				250700FC2607D99B00639D6D /* UIView+Extension.swift */,
				250700E02607CEDE00639D6D /* UIColor+Extension.swift */,
				250700F72607D97A00639D6D /* UICollectionViewCell+Extensions.swift */,
				250701062607D9FC00639D6D /* UICollectionReusableView+Extension.swift */,
			);
			path = Extension;
			sourceTree = "<group>";
		};
		250700E82607CF3100639D6D /* Utils */ = {
			isa = PBXGroup;
			children = (
				250700E92607CF5A00639D6D /* BALocationTests.swift */,
			);
			path = Utils;
			sourceTree = "<group>";
		};
		2507010E2607DB4200639D6D /* SectionModel */ = {
			isa = PBXGroup;
			children = (
				2507010F2607DB4F00639D6D /* SectionModels.swift */,
				250701172607DB5A00639D6D /* BankSection.swift */,
			);
			path = SectionModel;
			sourceTree = "<group>";
		};
		2507011F2607DBDA00639D6D /* Views */ = {
			isa = PBXGroup;
			children = (
				25E2741D260685F300B3BC60 /* BanksViewController.swift */,
				250701202607DC9C00639D6D /* BankCell.swift */,
				250701282607DCD900639D6D /* BankView.swift */,
				2507012D2607DCEE00639D6D /* HeaderView.swift */,
				250701332607DD0F00639D6D /* BankView.xib */,
				250701322607DD0F00639D6D /* HeaderView.xib */,
			);
			path = Views;
			sourceTree = "<group>";
		};
		2507016A2608396300639D6D /* Entities */ = {
			isa = PBXGroup;
			children = (
				250702A8260905C300639D6D /* ImageEntity+CoreDataClass.swift */,
				250702902608ADE500639D6D /* Bank+CoreDataClass.swift */,
				250702922608ADE500639D6D /* BankGlobalGroup+CoreDataClass.swift */,
				2507028F2608ADE500639D6D /* CountryBank+CoreDataClass.swift */,
				250702912608ADE500639D6D /* ResponseData+CoreDataClass.swift */,
			);
			path = Entities;
			sourceTree = "<group>";
		};
		25717E352607A89B005A67C2 /* Networking */ = {
			isa = PBXGroup;
			children = (
				25717E3F2607A8E6005A67C2 /* Manager */,
				25717E3E2607A8E0005A67C2 /* EndPoint */,
			);
			path = Networking;
			sourceTree = "<group>";
		};
		25717E3E2607A8E0005A67C2 /* EndPoint */ = {
			isa = PBXGroup;
			children = (
				25717E432607A913005A67C2 /* BankEndPoint.swift */,
			);
			path = EndPoint;
			sourceTree = "<group>";
		};
		25717E3F2607A8E6005A67C2 /* Manager */ = {
			isa = PBXGroup;
			children = (
				25717E362607A8B1005A67C2 /* NetworkManager.swift */,
			);
			path = Manager;
			sourceTree = "<group>";
		};
		25717E482607A94D005A67C2 /* Model */ = {
			isa = PBXGroup;
			children = (
				2507016A2608396300639D6D /* Entities */,
				2507010E2607DB4200639D6D /* SectionModel */,
				25717E492607A95A005A67C2 /* Bank.swift */,
			);
			path = Model;
			sourceTree = "<group>";
		};
		25717E652607AF66005A67C2 /* Banks */ = {
			isa = PBXGroup;
			children = (
				2507011F2607DBDA00639D6D /* Views */,
				25717E692607AF8B005A67C2 /* BanksViewModel.swift */,
			);
			path = Banks;
			sourceTree = "<group>";
		};
		25E2740D260685F300B3BC60 = {
			isa = PBXGroup;
			children = (
				25E27418260685F300B3BC60 /* BankApp */,
				25E27432260685F500B3BC60 /* BankAppTests */,
				25E2743D260685F500B3BC60 /* BankAppUITests */,
				25E27417260685F300B3BC60 /* Products */,
				F15BC700F2528CD2AB090830 /* Pods */,
			);
			sourceTree = "<group>";
		};
		25E27417260685F300B3BC60 /* Products */ = {
			isa = PBXGroup;
			children = (
				25E27416260685F300B3BC60 /* BankApp.app */,
				25E2742F260685F500B3BC60 /* BankAppTests.xctest */,
				25E2743A260685F500B3BC60 /* BankAppUITests.xctest */,
			);
			name = Products;
			sourceTree = "<group>";
		};
		25E27418260685F300B3BC60 /* BankApp */ = {
			isa = PBXGroup;
			children = (
				25E27455260687BB00B3BC60 /* App */,
				250700DF2607CED200639D6D /* Extension */,
				25717E352607A89B005A67C2 /* Networking */,
				25717E482607A94D005A67C2 /* Model */,
				25E2746226068B7600B3BC60 /* Coordinator */,
				25E274702606932800B3BC60 /* DetailBank */,
				25717E652607AF66005A67C2 /* Banks */,
			);
			path = BankApp;
			sourceTree = "<group>";
		};
		25E27432260685F500B3BC60 /* BankAppTests */ = {
			isa = PBXGroup;
			children = (
				250700E82607CF3100639D6D /* Utils */,
				25E27433260685F500B3BC60 /* BankAppTests.swift */,
				25E27435260685F500B3BC60 /* Info.plist */,
				25717E602607ABA7005A67C2 /* NetworkingTest.swift */,
			);
			path = BankAppTests;
			sourceTree = "<group>";
		};
		25E2743D260685F500B3BC60 /* BankAppUITests */ = {
			isa = PBXGroup;
			children = (
				25E2743E260685F500B3BC60 /* BankAppUITests.swift */,
				25E27440260685F500B3BC60 /* Info.plist */,
			);
			path = BankAppUITests;
			sourceTree = "<group>";
		};
		25E27455260687BB00B3BC60 /* App */ = {
			isa = PBXGroup;
			children = (
				250700D62607CD9C00639D6D /* Resources */,
				250700C82607CCEE00639D6D /* Utils */,
				25E27419260685F300B3BC60 /* AppDelegate.swift */,
				25E2742A260685F500B3BC60 /* Info.plist */,
			);
			path = App;
			sourceTree = "<group>";
		};
		25E2746226068B7600B3BC60 /* Coordinator */ = {
			isa = PBXGroup;
			children = (
				25E2746326068B8E00B3BC60 /* Coordinator.swift */,
				25E2746B26068BB300B3BC60 /* MainCoordinator.swift */,
			);
			path = Coordinator;
			sourceTree = "<group>";
		};
		25E274702606932800B3BC60 /* DetailBank */ = {
			isa = PBXGroup;
			children = (
				25E274712606933600B3BC60 /* DetailBankCoordinator.swift */,
				25E274792606934F00B3BC60 /* DetailBankViewController.swift */,
				25717E6E2607B01F005A67C2 /* DetailBankViewModel.swift */,
			);
			path = DetailBank;
			sourceTree = "<group>";
		};
		F15BC700F2528CD2AB090830 /* Pods */ = {
			isa = PBXGroup;
			children = (
			);
			path = Pods;
			sourceTree = "<group>";
		};
/* End PBXGroup section */

/* Begin PBXNativeTarget section */
		25E27415260685F300B3BC60 /* BankApp */ = {
			isa = PBXNativeTarget;
			buildConfigurationList = 25E27443260685F500B3BC60 /* Build configuration list for PBXNativeTarget "BankApp" */;
			buildPhases = (
				25E27412260685F300B3BC60 /* Sources */,
				25E27413260685F300B3BC60 /* Frameworks */,
				25E27414260685F300B3BC60 /* Resources */,
			);
			buildRules = (
			);
			dependencies = (
			);
			name = BankApp;
			productName = BankApp;
			productReference = 25E27416260685F300B3BC60 /* BankApp.app */;
			productType = "com.apple.product-type.application";
		};
		25E2742E260685F500B3BC60 /* BankAppTests */ = {
			isa = PBXNativeTarget;
			buildConfigurationList = 25E27446260685F500B3BC60 /* Build configuration list for PBXNativeTarget "BankAppTests" */;
			buildPhases = (
				25E2742B260685F500B3BC60 /* Sources */,
				25E2742C260685F500B3BC60 /* Frameworks */,
				25E2742D260685F500B3BC60 /* Resources */,
			);
			buildRules = (
			);
			dependencies = (
				25E27431260685F500B3BC60 /* PBXTargetDependency */,
			);
			name = BankAppTests;
			productName = BankAppTests;
			productReference = 25E2742F260685F500B3BC60 /* BankAppTests.xctest */;
			productType = "com.apple.product-type.bundle.unit-test";
		};
		25E27439260685F500B3BC60 /* BankAppUITests */ = {
			isa = PBXNativeTarget;
			buildConfigurationList = 25E27449260685F500B3BC60 /* Build configuration list for PBXNativeTarget "BankAppUITests" */;
			buildPhases = (
				25E27436260685F500B3BC60 /* Sources */,
				25E27437260685F500B3BC60 /* Frameworks */,
				25E27438260685F500B3BC60 /* Resources */,
			);
			buildRules = (
			);
			dependencies = (
				25E2743C260685F500B3BC60 /* PBXTargetDependency */,
			);
			name = BankAppUITests;
			productName = BankAppUITests;
			productReference = 25E2743A260685F500B3BC60 /* BankAppUITests.xctest */;
			productType = "com.apple.product-type.bundle.ui-testing";
		};
/* End PBXNativeTarget section */

/* Begin PBXProject section */
		25E2740E260685F300B3BC60 /* Project object */ = {
			isa = PBXProject;
			attributes = {
				LastSwiftUpdateCheck = 1220;
				LastUpgradeCheck = 1220;
				TargetAttributes = {
					25E27415260685F300B3BC60 = {
						CreatedOnToolsVersion = 12.2;
					};
					25E2742E260685F500B3BC60 = {
						CreatedOnToolsVersion = 12.2;
						TestTargetID = 25E27415260685F300B3BC60;
					};
					25E27439260685F500B3BC60 = {
						CreatedOnToolsVersion = 12.2;
						TestTargetID = 25E27415260685F300B3BC60;
					};
				};
			};
			buildConfigurationList = 25E27411260685F300B3BC60 /* Build configuration list for PBXProject "BankApp" */;
			compatibilityVersion = "Xcode 9.3";
			developmentRegion = en;
			hasScannedForEncodings = 0;
			knownRegions = (
				en,
				Base,
			);
			mainGroup = 25E2740D260685F300B3BC60;
			productRefGroup = 25E27417260685F300B3BC60 /* Products */;
			projectDirPath = "";
			projectRoot = "";
			targets = (
				25E27415260685F300B3BC60 /* BankApp */,
				25E2742E260685F500B3BC60 /* BankAppTests */,
				25E27439260685F500B3BC60 /* BankAppUITests */,
			);
		};
/* End PBXProject section */

/* Begin PBXResourcesBuildPhase section */
		25E27414260685F300B3BC60 /* Resources */ = {
			isa = PBXResourcesBuildPhase;
			buildActionMask = 2147483647;
			files = (
				25E27429260685F500B3BC60 /* LaunchScreen.storyboard in Resources */,
				250700D82607CDC300639D6D /* Countries.plist in Resources */,
				250701352607DD0F00639D6D /* BankView.xib in Resources */,
				25E27426260685F500B3BC60 /* Assets.xcassets in Resources */,
				250701342607DD0F00639D6D /* HeaderView.xib in Resources */,
			);
			runOnlyForDeploymentPostprocessing = 0;
		};
		25E2742D260685F500B3BC60 /* Resources */ = {
			isa = PBXResourcesBuildPhase;
			buildActionMask = 2147483647;
			files = (
			);
			runOnlyForDeploymentPostprocessing = 0;
		};
		25E27438260685F500B3BC60 /* Resources */ = {
			isa = PBXResourcesBuildPhase;
			buildActionMask = 2147483647;
			files = (
			);
			runOnlyForDeploymentPostprocessing = 0;
		};
/* End PBXResourcesBuildPhase section */

/* Begin PBXSourcesBuildPhase section */
		25E27412260685F300B3BC60 /* Sources */ = {
			isa = PBXSourcesBuildPhase;
			buildActionMask = 2147483647;
			files = (
				250702932608ADE500639D6D /* CountryBank+CoreDataClass.swift in Sources */,
				250702942608ADE500639D6D /* Bank+CoreDataClass.swift in Sources */,
				250702952608ADE500639D6D /* ResponseData+CoreDataClass.swift in Sources */,
				250702962608ADE500639D6D /* BankGlobalGroup+CoreDataClass.swift in Sources */,
				250701102607DB4F00639D6D /* SectionModels.swift in Sources */,
				25E2746426068B8E00B3BC60 /* Coordinator.swift in Sources */,
				25E2741E260685F300B3BC60 /* BanksViewController.swift in Sources */,
				25E27424260685F300B3BC60 /* BankApp.xcdatamodeld in Sources */,
				250701072607D9FC00639D6D /* UICollectionReusableView+Extension.swift in Sources */,
				250700E12607CEDE00639D6D /* UIColor+Extension.swift in Sources */,
				25E2746C26068BB300B3BC60 /* MainCoordinator.swift in Sources */,
				25717E372607A8B1005A67C2 /* NetworkManager.swift in Sources */,
				250702A9260905C300639D6D /* ImageEntity+CoreDataClass.swift in Sources */,
				25717E6A2607AF8C005A67C2 /* BanksViewModel.swift in Sources */,
				250701022607D9E900639D6D /* UIImageView+Extension.swift in Sources */,
				250701212607DC9C00639D6D /* BankCell.swift in Sources */,
				25E2741A260685F300B3BC60 /* AppDelegate.swift in Sources */,
				250701182607DB5A00639D6D /* BankSection.swift in Sources */,
				250700F82607D97A00639D6D /* UICollectionViewCell+Extensions.swift in Sources */,
				25E2747A2606934F00B3BC60 /* DetailBankViewController.swift in Sources */,
				25717E6F2607B01F005A67C2 /* DetailBankViewModel.swift in Sources */,
				250701292607DCD900639D6D /* BankView.swift in Sources */,
				2507012E2607DCEE00639D6D /* HeaderView.swift in Sources */,
				250701452608027700639D6D /* PersistenceService.swift in Sources */,
				250700D22607CD5200639D6D /* BALocation.swift in Sources */,
				25717E4A2607A95A005A67C2 /* Bank.swift in Sources */,
				25717E442607A913005A67C2 /* BankEndPoint.swift in Sources */,
				250700CA2607CD0100639D6D /* AppSettings.swift in Sources */,
				250700FD2607D99B00639D6D /* UIView+Extension.swift in Sources */,
				25E274722606933600B3BC60 /* DetailBankCoordinator.swift in Sources */,
			);
			runOnlyForDeploymentPostprocessing = 0;
		};
		25E2742B260685F500B3BC60 /* Sources */ = {
			isa = PBXSourcesBuildPhase;
			buildActionMask = 2147483647;
			files = (
				25E27434260685F500B3BC60 /* BankAppTests.swift in Sources */,
				250700EA2607CF5A00639D6D /* BALocationTests.swift in Sources */,
				25717E612607ABA7005A67C2 /* NetworkingTest.swift in Sources */,
			);
			runOnlyForDeploymentPostprocessing = 0;
		};
		25E27436260685F500B3BC60 /* Sources */ = {
			isa = PBXSourcesBuildPhase;
			buildActionMask = 2147483647;
			files = (
				25E2743F260685F500B3BC60 /* BankAppUITests.swift in Sources */,
			);
			runOnlyForDeploymentPostprocessing = 0;
		};
/* End PBXSourcesBuildPhase section */

/* Begin PBXTargetDependency section */
		25E27431260685F500B3BC60 /* PBXTargetDependency */ = {
			isa = PBXTargetDependency;
			target = 25E27415260685F300B3BC60 /* BankApp */;
			targetProxy = 25E27430260685F500B3BC60 /* PBXContainerItemProxy */;
		};
		25E2743C260685F500B3BC60 /* PBXTargetDependency */ = {
			isa = PBXTargetDependency;
			target = 25E27415260685F300B3BC60 /* BankApp */;
			targetProxy = 25E2743B260685F500B3BC60 /* PBXContainerItemProxy */;
		};
/* End PBXTargetDependency section */

/* Begin PBXVariantGroup section */
		25E27427260685F500B3BC60 /* LaunchScreen.storyboard */ = {
			isa = PBXVariantGroup;
			children = (
				25E27428260685F500B3BC60 /* Base */,
			);
			name = LaunchScreen.storyboard;
			sourceTree = "<group>";
		};
/* End PBXVariantGroup section */

/* Begin XCBuildConfiguration section */
		25E27441260685F500B3BC60 /* Debug */ = {
			isa = XCBuildConfiguration;
			buildSettings = {
				ALWAYS_SEARCH_USER_PATHS = NO;
				CLANG_ANALYZER_NONNULL = YES;
				CLANG_ANALYZER_NUMBER_OBJECT_CONVERSION = YES_AGGRESSIVE;
				CLANG_CXX_LANGUAGE_STANDARD = "gnu++14";
				CLANG_CXX_LIBRARY = "libc++";
				CLANG_ENABLE_MODULES = YES;
				CLANG_ENABLE_OBJC_ARC = YES;
				CLANG_ENABLE_OBJC_WEAK = YES;
				CLANG_WARN_BLOCK_CAPTURE_AUTORELEASING = YES;
				CLANG_WARN_BOOL_CONVERSION = YES;
				CLANG_WARN_COMMA = YES;
				CLANG_WARN_CONSTANT_CONVERSION = YES;
				CLANG_WARN_DEPRECATED_OBJC_IMPLEMENTATIONS = YES;
				CLANG_WARN_DIRECT_OBJC_ISA_USAGE = YES_ERROR;
				CLANG_WARN_DOCUMENTATION_COMMENTS = YES;
				CLANG_WARN_EMPTY_BODY = YES;
				CLANG_WARN_ENUM_CONVERSION = YES;
				CLANG_WARN_INFINITE_RECURSION = YES;
				CLANG_WARN_INT_CONVERSION = YES;
				CLANG_WARN_NON_LITERAL_NULL_CONVERSION = YES;
				CLANG_WARN_OBJC_IMPLICIT_RETAIN_SELF = YES;
				CLANG_WARN_OBJC_LITERAL_CONVERSION = YES;
				CLANG_WARN_OBJC_ROOT_CLASS = YES_ERROR;
				CLANG_WARN_QUOTED_INCLUDE_IN_FRAMEWORK_HEADER = YES;
				CLANG_WARN_RANGE_LOOP_ANALYSIS = YES;
				CLANG_WARN_STRICT_PROTOTYPES = YES;
				CLANG_WARN_SUSPICIOUS_MOVE = YES;
				CLANG_WARN_UNGUARDED_AVAILABILITY = YES_AGGRESSIVE;
				CLANG_WARN_UNREACHABLE_CODE = YES;
				CLANG_WARN__DUPLICATE_METHOD_MATCH = YES;
				COPY_PHASE_STRIP = NO;
				DEBUG_INFORMATION_FORMAT = dwarf;
				ENABLE_STRICT_OBJC_MSGSEND = YES;
				ENABLE_TESTABILITY = YES;
				GCC_C_LANGUAGE_STANDARD = gnu11;
				GCC_DYNAMIC_NO_PIC = NO;
				GCC_NO_COMMON_BLOCKS = YES;
				GCC_OPTIMIZATION_LEVEL = 0;
				GCC_PREPROCESSOR_DEFINITIONS = (
					"DEBUG=1",
					"$(inherited)",
				);
				GCC_WARN_64_TO_32_BIT_CONVERSION = YES;
				GCC_WARN_ABOUT_RETURN_TYPE = YES_ERROR;
				GCC_WARN_UNDECLARED_SELECTOR = YES;
				GCC_WARN_UNINITIALIZED_AUTOS = YES_AGGRESSIVE;
				GCC_WARN_UNUSED_FUNCTION = YES;
				GCC_WARN_UNUSED_VARIABLE = YES;
				IPHONEOS_DEPLOYMENT_TARGET = 14.2;
				MTL_ENABLE_DEBUG_INFO = INCLUDE_SOURCE;
				MTL_FAST_MATH = YES;
				ONLY_ACTIVE_ARCH = YES;
				SDKROOT = iphoneos;
				SWIFT_ACTIVE_COMPILATION_CONDITIONS = DEBUG;
				SWIFT_OPTIMIZATION_LEVEL = "-Onone";
			};
			name = Debug;
		};
		25E27442260685F500B3BC60 /* Release */ = {
			isa = XCBuildConfiguration;
			buildSettings = {
				ALWAYS_SEARCH_USER_PATHS = NO;
				CLANG_ANALYZER_NONNULL = YES;
				CLANG_ANALYZER_NUMBER_OBJECT_CONVERSION = YES_AGGRESSIVE;
				CLANG_CXX_LANGUAGE_STANDARD = "gnu++14";
				CLANG_CXX_LIBRARY = "libc++";
				CLANG_ENABLE_MODULES = YES;
				CLANG_ENABLE_OBJC_ARC = YES;
				CLANG_ENABLE_OBJC_WEAK = YES;
				CLANG_WARN_BLOCK_CAPTURE_AUTORELEASING = YES;
				CLANG_WARN_BOOL_CONVERSION = YES;
				CLANG_WARN_COMMA = YES;
				CLANG_WARN_CONSTANT_CONVERSION = YES;
				CLANG_WARN_DEPRECATED_OBJC_IMPLEMENTATIONS = YES;
				CLANG_WARN_DIRECT_OBJC_ISA_USAGE = YES_ERROR;
				CLANG_WARN_DOCUMENTATION_COMMENTS = YES;
				CLANG_WARN_EMPTY_BODY = YES;
				CLANG_WARN_ENUM_CONVERSION = YES;
				CLANG_WARN_INFINITE_RECURSION = YES;
				CLANG_WARN_INT_CONVERSION = YES;
				CLANG_WARN_NON_LITERAL_NULL_CONVERSION = YES;
				CLANG_WARN_OBJC_IMPLICIT_RETAIN_SELF = YES;
				CLANG_WARN_OBJC_LITERAL_CONVERSION = YES;
				CLANG_WARN_OBJC_ROOT_CLASS = YES_ERROR;
				CLANG_WARN_QUOTED_INCLUDE_IN_FRAMEWORK_HEADER = YES;
				CLANG_WARN_RANGE_LOOP_ANALYSIS = YES;
				CLANG_WARN_STRICT_PROTOTYPES = YES;
				CLANG_WARN_SUSPICIOUS_MOVE = YES;
				CLANG_WARN_UNGUARDED_AVAILABILITY = YES_AGGRESSIVE;
				CLANG_WARN_UNREACHABLE_CODE = YES;
				CLANG_WARN__DUPLICATE_METHOD_MATCH = YES;
				COPY_PHASE_STRIP = NO;
				DEBUG_INFORMATION_FORMAT = "dwarf-with-dsym";
				ENABLE_NS_ASSERTIONS = NO;
				ENABLE_STRICT_OBJC_MSGSEND = YES;
				GCC_C_LANGUAGE_STANDARD = gnu11;
				GCC_NO_COMMON_BLOCKS = YES;
				GCC_WARN_64_TO_32_BIT_CONVERSION = YES;
				GCC_WARN_ABOUT_RETURN_TYPE = YES_ERROR;
				GCC_WARN_UNDECLARED_SELECTOR = YES;
				GCC_WARN_UNINITIALIZED_AUTOS = YES_AGGRESSIVE;
				GCC_WARN_UNUSED_FUNCTION = YES;
				GCC_WARN_UNUSED_VARIABLE = YES;
				IPHONEOS_DEPLOYMENT_TARGET = 14.2;
				MTL_ENABLE_DEBUG_INFO = NO;
				MTL_FAST_MATH = YES;
				SDKROOT = iphoneos;
				SWIFT_COMPILATION_MODE = wholemodule;
				SWIFT_OPTIMIZATION_LEVEL = "-O";
				VALIDATE_PRODUCT = YES;
			};
			name = Release;
		};
		25E27444260685F500B3BC60 /* Debug */ = {
			isa = XCBuildConfiguration;
			buildSettings = {
				ASSETCATALOG_COMPILER_APPICON_NAME = AppIcon;
				ASSETCATALOG_COMPILER_GLOBAL_ACCENT_COLOR_NAME = AccentColor;
				CODE_SIGN_STYLE = Automatic;
				DEVELOPMENT_TEAM = F8JRW6YF7X;
				INFOPLIST_FILE = BankApp/App/Info.plist;
				LD_RUNPATH_SEARCH_PATHS = (
					"$(inherited)",
					"@executable_path/Frameworks",
				);
				PRODUCT_BUNDLE_IDENTIFIER = com.benharchache.BankApp;
				PRODUCT_NAME = "$(TARGET_NAME)";
				SWIFT_VERSION = 5.0;
				TARGETED_DEVICE_FAMILY = 1;
			};
			name = Debug;
		};
		25E27445260685F500B3BC60 /* Release */ = {
			isa = XCBuildConfiguration;
			buildSettings = {
				ASSETCATALOG_COMPILER_APPICON_NAME = AppIcon;
				ASSETCATALOG_COMPILER_GLOBAL_ACCENT_COLOR_NAME = AccentColor;
				CODE_SIGN_STYLE = Automatic;
				DEVELOPMENT_TEAM = F8JRW6YF7X;
				INFOPLIST_FILE = BankApp/App/Info.plist;
				LD_RUNPATH_SEARCH_PATHS = (
					"$(inherited)",
					"@executable_path/Frameworks",
				);
				PRODUCT_BUNDLE_IDENTIFIER = com.benharchache.BankApp;
				PRODUCT_NAME = "$(TARGET_NAME)";
				SWIFT_VERSION = 5.0;
				TARGETED_DEVICE_FAMILY = 1;
			};
			name = Release;
		};
		25E27447260685F500B3BC60 /* Debug */ = {
			isa = XCBuildConfiguration;
			buildSettings = {
				ALWAYS_EMBED_SWIFT_STANDARD_LIBRARIES = YES;
				BUNDLE_LOADER = "$(TEST_HOST)";
				CODE_SIGN_STYLE = Automatic;
				DEVELOPMENT_TEAM = F8JRW6YF7X;
				INFOPLIST_FILE = BankAppTests/Info.plist;
				IPHONEOS_DEPLOYMENT_TARGET = 14.2;
				LD_RUNPATH_SEARCH_PATHS = (
					"$(inherited)",
					"@executable_path/Frameworks",
					"@loader_path/Frameworks",
				);
				PRODUCT_BUNDLE_IDENTIFIER = com.benharchache.BankAppTests;
				PRODUCT_NAME = "$(TARGET_NAME)";
				SWIFT_VERSION = 5.0;
				TARGETED_DEVICE_FAMILY = "1,2";
				TEST_HOST = "$(BUILT_PRODUCTS_DIR)/BankApp.app/BankApp";
			};
			name = Debug;
		};
		25E27448260685F500B3BC60 /* Release */ = {
			isa = XCBuildConfiguration;
			buildSettings = {
				ALWAYS_EMBED_SWIFT_STANDARD_LIBRARIES = YES;
				BUNDLE_LOADER = "$(TEST_HOST)";
				CODE_SIGN_STYLE = Automatic;
				DEVELOPMENT_TEAM = F8JRW6YF7X;
				INFOPLIST_FILE = BankAppTests/Info.plist;
				IPHONEOS_DEPLOYMENT_TARGET = 14.2;
				LD_RUNPATH_SEARCH_PATHS = (
					"$(inherited)",
					"@executable_path/Frameworks",
					"@loader_path/Frameworks",
				);
				PRODUCT_BUNDLE_IDENTIFIER = com.benharchache.BankAppTests;
				PRODUCT_NAME = "$(TARGET_NAME)";
				SWIFT_VERSION = 5.0;
				TARGETED_DEVICE_FAMILY = "1,2";
				TEST_HOST = "$(BUILT_PRODUCTS_DIR)/BankApp.app/BankApp";
			};
			name = Release;
		};
		25E2744A260685F500B3BC60 /* Debug */ = {
			isa = XCBuildConfiguration;
			buildSettings = {
				ALWAYS_EMBED_SWIFT_STANDARD_LIBRARIES = YES;
				CODE_SIGN_STYLE = Automatic;
				DEVELOPMENT_TEAM = F8JRW6YF7X;
				INFOPLIST_FILE = BankAppUITests/Info.plist;
				LD_RUNPATH_SEARCH_PATHS = (
					"$(inherited)",
					"@executable_path/Frameworks",
					"@loader_path/Frameworks",
				);
				PRODUCT_BUNDLE_IDENTIFIER = com.benharchache.BankAppUITests;
				PRODUCT_NAME = "$(TARGET_NAME)";
				SWIFT_VERSION = 5.0;
				TARGETED_DEVICE_FAMILY = "1,2";
				TEST_TARGET_NAME = BankApp;
			};
			name = Debug;
		};
		25E2744B260685F500B3BC60 /* Release */ = {
			isa = XCBuildConfiguration;
			buildSettings = {
				ALWAYS_EMBED_SWIFT_STANDARD_LIBRARIES = YES;
				CODE_SIGN_STYLE = Automatic;
				DEVELOPMENT_TEAM = F8JRW6YF7X;
				INFOPLIST_FILE = BankAppUITests/Info.plist;
				LD_RUNPATH_SEARCH_PATHS = (
					"$(inherited)",
					"@executable_path/Frameworks",
					"@loader_path/Frameworks",
				);
				PRODUCT_BUNDLE_IDENTIFIER = com.benharchache.BankAppUITests;
				PRODUCT_NAME = "$(TARGET_NAME)";
				SWIFT_VERSION = 5.0;
				TARGETED_DEVICE_FAMILY = "1,2";
				TEST_TARGET_NAME = BankApp;
			};
			name = Release;
		};
/* End XCBuildConfiguration section */

/* Begin XCConfigurationList section */
		25E27411260685F300B3BC60 /* Build configuration list for PBXProject "BankApp" */ = {
			isa = XCConfigurationList;
			buildConfigurations = (
				25E27441260685F500B3BC60 /* Debug */,
				25E27442260685F500B3BC60 /* Release */,
			);
			defaultConfigurationIsVisible = 0;
			defaultConfigurationName = Release;
		};
		25E27443260685F500B3BC60 /* Build configuration list for PBXNativeTarget "BankApp" */ = {
			isa = XCConfigurationList;
			buildConfigurations = (
				25E27444260685F500B3BC60 /* Debug */,
				25E27445260685F500B3BC60 /* Release */,
			);
			defaultConfigurationIsVisible = 0;
			defaultConfigurationName = Release;
		};
		25E27446260685F500B3BC60 /* Build configuration list for PBXNativeTarget "BankAppTests" */ = {
			isa = XCConfigurationList;
			buildConfigurations = (
				25E27447260685F500B3BC60 /* Debug */,
				25E27448260685F500B3BC60 /* Release */,
			);
			defaultConfigurationIsVisible = 0;
			defaultConfigurationName = Release;
		};
		25E27449260685F500B3BC60 /* Build configuration list for PBXNativeTarget "BankAppUITests" */ = {
			isa = XCConfigurationList;
			buildConfigurations = (
				25E2744A260685F500B3BC60 /* Debug */,
				25E2744B260685F500B3BC60 /* Release */,
			);
			defaultConfigurationIsVisible = 0;
			defaultConfigurationName = Release;
		};
/* End XCConfigurationList section */

/* Begin XCVersionGroup section */
		25E27422260685F300B3BC60 /* BankApp.xcdatamodeld */ = {
			isa = XCVersionGroup;
			children = (
				25E27423260685F300B3BC60 /* BankApp.xcdatamodel */,
			);
			currentVersion = 25E27423260685F300B3BC60 /* BankApp.xcdatamodel */;
			path = BankApp.xcdatamodeld;
			sourceTree = "<group>";
			versionGroupType = wrapper.xcdatamodel;
		};
/* End XCVersionGroup section */
	};
	rootObject = 25E2740E260685F300B3BC60 /* Project object */;
}
